<?xml version="1.0" encoding="utf-8"?>
<Project ToolsVersion="4.0" xmlns="http://schemas.microsoft.com/developer/msbuild/2003">
  <ItemGroup>
    <Filter Include="Source Files">
      <UniqueIdentifier>{4FC737F1-C7A5-4376-A066-2A32D752A2FF}</UniqueIdentifier>
      <Extensions>cpp;c;cc;cxx;c++;cppm;ixx;def;odl;idl;hpj;bat;asm;asmx</Extensions>
    </Filter>
    <Filter Include="Header Files">
      <UniqueIdentifier>{93995380-89BD-4b04-88EB-625FBE52EBFB}</UniqueIdentifier>
      <Extensions>h;hh;hpp;hxx;h++;hm;inl;inc;ipp;xsd</Extensions>
    </Filter>
    <Filter Include="Resource Files">
      <UniqueIdentifier>{67DA6AB6-F800-4c08-8B7A-83BB121AAD01}</UniqueIdentifier>
      <Extensions>rc;ico;cur;bmp;dlg;rc2;rct;bin;rgs;gif;jpg;jpeg;jpe;resx;tiff;tif;png;wav;mfcribbon-ms</Extensions>
    </Filter>
  </ItemGroup>
  <ItemGroup>
    <ClInclude Include="includes\RenderingComponent.h">
      <Filter>Header Files</Filter>
    </ClInclude>
    <ClInclude Include="includes\Component.h">
      <Filter>Header Files</Filter>
    </ClInclude>
    <ClInclude Include="includes\K9Debug.h">
      <Filter>Header Files</Filter>
    </ClInclude>
    <ClInclude Include="includes\RenderingManager.h">
      <Filter>Header Files</Filter>
    </ClInclude>
    <ClInclude Include="includes\Material.h">
      <Filter>Header Files</Filter>
    </ClInclude>
    <ClInclude Include="includes\MaterialComponent.h">
      <Filter>Header Files</Filter>
    </ClInclude>
    <ClInclude Include="includes\TextureMaterialComponent.h">
      <Filter>Header Files</Filter>
    </ClInclude>
    <ClInclude Include="includes\VectorMaterialComponent.h">
      <Filter>Header Files</Filter>
    </ClInclude>
    <ClInclude Include="includes\FloatMaterialComponent.h">
      <Filter>Header Files</Filter>
    </ClInclude>
    <ClInclude Include="includes\Renderer.h">
      <Filter>Header Files</Filter>
    </ClInclude>
    <ClInclude Include="includes\GameObjectComponentsPool.h">
      <Filter>Header Files</Filter>
    </ClInclude>
    <ClInclude Include="includes\GameObject.h">
      <Filter>Header Files</Filter>
    </ClInclude>
    <ClInclude Include="includes\ColorMaterial.h">
      <Filter>Header Files</Filter>
    </ClInclude>
    <ClInclude Include="includes\Model.h">
      <Filter>Header Files</Filter>
    </ClInclude>
    <ClInclude Include="includes\ModelsPool.h">
      <Filter>Header Files</Filter>
    </ClInclude>
    <ClInclude Include="includes\TexturesPool.h">
      <Filter>Header Files</Filter>
    </ClInclude>
    <ClInclude Include="includes\Texture.h">
      <Filter>Header Files</Filter>
    </ClInclude>
    <ClInclude Include="includes\ColorMaterialFactory.h">
      <Filter>Header Files</Filter>
    </ClInclude>
    <ClInclude Include="includes\World.h">
      <Filter>Header Files</Filter>
    </ClInclude>
    <ClInclude Include="includes\Spotlight.h">
      <Filter>Header Files</Filter>
    </ClInclude>
    <ClInclude Include="includes\AmbientLight.h">
      <Filter>Header Files</Filter>
    </ClInclude>
    <ClInclude Include="includes\DirectionalLight.h">
      <Filter>Header Files</Filter>
    </ClInclude>
    <ClInclude Include="includes\PositionalLight.h">
      <Filter>Header Files</Filter>
    </ClInclude>
    <ClInclude Include="includes\Camera.h">
      <Filter>Header Files</Filter>
    </ClInclude>
    <ClInclude Include="includes\BaseApp.h">
      <Filter>Header Files</Filter>
    </ClInclude>
    <ClInclude Include="includes\RenderersContainer.h">
      <Filter>Header Files</Filter>
    </ClInclude>
    <ClInclude Include="includes\TextureLightRenderer.h">
      <Filter>Header Files</Filter>
    </ClInclude>
    <ClInclude Include="includes\DemoChapter7.h">
      <Filter>Header Files</Filter>
    </ClInclude>
  </ItemGroup>
  <ItemGroup>
    <ClCompile Include="RenderingManager.cpp">
      <Filter>Source Files</Filter>
    </ClCompile>
    <ClCompile Include="main.cpp">
      <Filter>Source Files</Filter>
    </ClCompile>
    <ClCompile Include="Renderer.cpp">
      <Filter>Source Files</Filter>
    </ClCompile>
    <ClCompile Include="Material.cpp">
      <Filter>Source Files</Filter>
    </ClCompile>
    <ClCompile Include="ColorMaterial.cpp">
      <Filter>Source Files</Filter>
    </ClCompile>
    <ClCompile Include="GameObjectComponentsPool.cpp">
      <Filter>Source Files</Filter>
    </ClCompile>
    <ClCompile Include="ModelsPool.cpp">
      <Filter>Source Files</Filter>
    </ClCompile>
    <ClCompile Include="TexturesPool.cpp">
      <Filter>Source Files</Filter>
    </ClCompile>
    <ClCompile Include="Texture.cpp">
      <Filter>Source Files</Filter>
    </ClCompile>
    <ClCompile Include="RenderersContainer.cpp">
      <Filter>Source Files</Filter>
    </ClCompile>
    <ClCompile Include="Camera.cpp">
      <Filter>Source Files</Filter>
    </ClCompile>
    <ClCompile Include="World.cpp">
      <Filter>Source Files</Filter>
    </ClCompile>
    <ClCompile Include="BaseApp.cpp">
      <Filter>Source Files</Filter>
    </ClCompile>
    <ClCompile Include="DemoChapter7.cpp">
      <Filter>Source Files</Filter>
    </ClCompile>
    <ClCompile Include="TextureLightRenderer.cpp">
      <Filter>Source Files</Filter>
    </ClCompile>
    <ClCompile Include="ColorMaterialFactory.cpp">
      <Filter>Source Files</Filter>
    </ClCompile>
  </ItemGroup>
</Project>